
Microsoft Visual Studio Solution File, Format Version 12.00
# Visual Studio Version 16
VisualStudioVersion = 16.0.29709.97
MinimumVisualStudioVersion = 10.0.40219.1
Project("{FAE04EC0-301F-11D3-BF4B-00C04F79EFBC}") = "btree_3tema", "btree_3tema\btree_3tema.csproj", "{DC8E93B6-8316-4729-8D52-EB97E2F0D8AA}"
EndProject
Global
	GlobalSection(SolutionConfigurationPlatforms) = preSolution
		Debug|Any CPU = Debug|Any CPU
		Release|Any CPU = Release|Any CPU
	EndGlobalSection
	GlobalSection(ProjectConfigurationPlatforms) = postSolution
		{DC8E93B6-8316-4729-8D52-EB97E2F0D8AA}.Debug|Any CPU.ActiveCfg = Debug|Any CPU
		{DC8E93B6-8316-4729-8D52-EB97E2F0D8AA}.Debug|Any CPU.Build.0 = Debug|Any CPU
		{DC8E93B6-8316-4729-8D52-EB97E2F0D8AA}.Release|Any CPU.ActiveCfg = Release|Any CPU
		{DC8E93B6-8316-4729-8D52-EB97E2F0D8AA}.Release|Any CPU.Build.0 = Release|Any CPU
	EndGlobalSection
	GlobalSection(SolutionProperties) = preSolution
		HideSolutionNode = FALSE
	EndGlobalSection
	GlobalSection(ExtensibilityGlobals) = postSolution
		SolutionGuid = {4C080164-585E-4BBA-B958-B2B83BADB309}
	EndGlobalSection
EndGlobal
