
Microsoft Visual Studio Solution File, Format Version 12.00
# Visual Studio Version 16
VisualStudioVersion = 16.0.29709.97
MinimumVisualStudioVersion = 10.0.40219.1
Project("{FAE04EC0-301F-11D3-BF4B-00C04F79EFBC}") = "Lists_Task2", "Lists_Task2\Lists_Task2.csproj", "{30075118-5B4B-4FC9-BD8D-127F20B799D5}"
EndProject
Project("{FAE04EC0-301F-11D3-BF4B-00C04F79EFBC}") = "List_Односвязн", "List_Односвязн\List_Односвязн.csproj", "{0A12DF46-60D8-441A-BB11-E09C2FC25B46}"
EndProject
Global
	GlobalSection(SolutionConfigurationPlatforms) = preSolution
		Debug|Any CPU = Debug|Any CPU
		Release|Any CPU = Release|Any CPU
	EndGlobalSection
	GlobalSection(ProjectConfigurationPlatforms) = postSolution
		{30075118-5B4B-4FC9-BD8D-127F20B799D5}.Debug|Any CPU.ActiveCfg = Debug|Any CPU
		{30075118-5B4B-4FC9-BD8D-127F20B799D5}.Debug|Any CPU.Build.0 = Debug|Any CPU
		{30075118-5B4B-4FC9-BD8D-127F20B799D5}.Release|Any CPU.ActiveCfg = Release|Any CPU
		{30075118-5B4B-4FC9-BD8D-127F20B799D5}.Release|Any CPU.Build.0 = Release|Any CPU
		{0A12DF46-60D8-441A-BB11-E09C2FC25B46}.Debug|Any CPU.ActiveCfg = Debug|Any CPU
		{0A12DF46-60D8-441A-BB11-E09C2FC25B46}.Debug|Any CPU.Build.0 = Debug|Any CPU
		{0A12DF46-60D8-441A-BB11-E09C2FC25B46}.Release|Any CPU.ActiveCfg = Release|Any CPU
		{0A12DF46-60D8-441A-BB11-E09C2FC25B46}.Release|Any CPU.Build.0 = Release|Any CPU
	EndGlobalSection
	GlobalSection(SolutionProperties) = preSolution
		HideSolutionNode = FALSE
	EndGlobalSection
	GlobalSection(ExtensibilityGlobals) = postSolution
		SolutionGuid = {B2418DCE-CAAF-48FC-93A2-1C3543CDBD80}
	EndGlobalSection
EndGlobal
