
Microsoft Visual Studio Solution File, Format Version 12.00
# Visual Studio Version 16
VisualStudioVersion = 16.0.29709.97
MinimumVisualStudioVersion = 10.0.40219.1
Project("{FAE04EC0-301F-11D3-BF4B-00C04F79EFBC}") = "AVL_Tree", "AVL_Tree\AVL_Tree.csproj", "{4546FB74-36A2-4C5C-AE4D-731BA2EE30F8}"
EndProject
Global
	GlobalSection(SolutionConfigurationPlatforms) = preSolution
		Debug|Any CPU = Debug|Any CPU
		Release|Any CPU = Release|Any CPU
	EndGlobalSection
	GlobalSection(ProjectConfigurationPlatforms) = postSolution
		{4546FB74-36A2-4C5C-AE4D-731BA2EE30F8}.Debug|Any CPU.ActiveCfg = Debug|Any CPU
		{4546FB74-36A2-4C5C-AE4D-731BA2EE30F8}.Debug|Any CPU.Build.0 = Debug|Any CPU
		{4546FB74-36A2-4C5C-AE4D-731BA2EE30F8}.Release|Any CPU.ActiveCfg = Release|Any CPU
		{4546FB74-36A2-4C5C-AE4D-731BA2EE30F8}.Release|Any CPU.Build.0 = Release|Any CPU
	EndGlobalSection
	GlobalSection(SolutionProperties) = preSolution
		HideSolutionNode = FALSE
	EndGlobalSection
	GlobalSection(ExtensibilityGlobals) = postSolution
		SolutionGuid = {21311AF9-C316-427D-B4A9-4E020DF3E573}
	EndGlobalSection
EndGlobal
