
Microsoft Visual Studio Solution File, Format Version 12.00
# Visual Studio Version 16
VisualStudioVersion = 16.0.29709.97
MinimumVisualStudioVersion = 10.0.40219.1
Project("{FAE04EC0-301F-11D3-BF4B-00C04F79EFBC}") = "HashTable", "HashTable\HashTable.csproj", "{18152602-F941-497C-98E9-5111178F397F}"
EndProject
Global
	GlobalSection(SolutionConfigurationPlatforms) = preSolution
		Debug|Any CPU = Debug|Any CPU
		Release|Any CPU = Release|Any CPU
	EndGlobalSection
	GlobalSection(ProjectConfigurationPlatforms) = postSolution
		{18152602-F941-497C-98E9-5111178F397F}.Debug|Any CPU.ActiveCfg = Debug|Any CPU
		{18152602-F941-497C-98E9-5111178F397F}.Debug|Any CPU.Build.0 = Debug|Any CPU
		{18152602-F941-497C-98E9-5111178F397F}.Release|Any CPU.ActiveCfg = Release|Any CPU
		{18152602-F941-497C-98E9-5111178F397F}.Release|Any CPU.Build.0 = Release|Any CPU
	EndGlobalSection
	GlobalSection(SolutionProperties) = preSolution
		HideSolutionNode = FALSE
	EndGlobalSection
	GlobalSection(ExtensibilityGlobals) = postSolution
		SolutionGuid = {2D8B4B6A-4487-41B2-ADB5-97FCB4EF8AC0}
	EndGlobalSection
EndGlobal
